// !$*UTF8*$!
{
	archiveVersion = 1;
	classes = {
	};
	objectVersion = 46;
	objects = {

/* Begin PBXBuildFile section */
		58089E9C1DC9A7AF00757C19 /* ViewController4.swift in Sources */ = {isa = PBXBuildFile; fileRef = 58089E9B1DC9A7AF00757C19 /* ViewController4.swift */; };
		581C5F181EEBE6600005535B /* SpritePlayScene.swift in Sources */ = {isa = PBXBuildFile; fileRef = 581C5F171EEBE6600005535B /* SpritePlayScene.swift */; };
		5832211B1E3DF24100D70634 /* syugabita.mp3 in Resources */ = {isa = PBXBuildFile; fileRef = 5832211A1E3DF24100D70634 /* syugabita.mp3 */; };
		5832211D1E6179B600D70634 /* syokigazou.png in Resources */ = {isa = PBXBuildFile; fileRef = 5832211C1E6179B600D70634 /* syokigazou.png */; };
		5840DC941DBB532A00C51466 /* AppDelegate.swift in Sources */ = {isa = PBXBuildFile; fileRef = 5840DC931DBB532A00C51466 /* AppDelegate.swift */; };
		5840DC961DBB532A00C51466 /* ViewController.swift in Sources */ = {isa = PBXBuildFile; fileRef = 5840DC951DBB532A00C51466 /* ViewController.swift */; };
		5840DC991DBB532A00C51466 /* Main.storyboard in Resources */ = {isa = PBXBuildFile; fileRef = 5840DC971DBB532A00C51466 /* Main.storyboard */; };
		5840DC9B1DBB532A00C51466 /* Assets.xcassets in Resources */ = {isa = PBXBuildFile; fileRef = 5840DC9A1DBB532A00C51466 /* Assets.xcassets */; };
		5840DC9E1DBB532A00C51466 /* LaunchScreen.storyboard in Resources */ = {isa = PBXBuildFile; fileRef = 5840DC9C1DBB532A00C51466 /* LaunchScreen.storyboard */; };
		5840DCA91DBB532B00C51466 /* MusicgameTests.swift in Sources */ = {isa = PBXBuildFile; fileRef = 5840DCA81DBB532B00C51466 /* MusicgameTests.swift */; };
		5840DCB41DBB532B00C51466 /* MusicgameUITests.swift in Sources */ = {isa = PBXBuildFile; fileRef = 5840DCB31DBB532B00C51466 /* MusicgameUITests.swift */; };
		5840DCC41DBB537600C51466 /* score2ViewController.swift in Sources */ = {isa = PBXBuildFile; fileRef = 5840DCC11DBB537600C51466 /* score2ViewController.swift */; };
		5840DCC51DBB537600C51466 /* score3ViewController.swift in Sources */ = {isa = PBXBuildFile; fileRef = 5840DCC21DBB537600C51466 /* score3ViewController.swift */; };
		5840DCC61DBB537600C51466 /* ScoreViewController.swift in Sources */ = {isa = PBXBuildFile; fileRef = 5840DCC31DBB537600C51466 /* ScoreViewController.swift */; };
		5840DCCA1DBB539200C51466 /* ViewController2.swift in Sources */ = {isa = PBXBuildFile; fileRef = 5840DCC71DBB539200C51466 /* ViewController2.swift */; };
		5840DCCB1DBB539200C51466 /* ViewController3.swift in Sources */ = {isa = PBXBuildFile; fileRef = 5840DCC81DBB539200C51466 /* ViewController3.swift */; };
		5840DCCC1DBB539200C51466 /* ViewControllerhome.swift in Sources */ = {isa = PBXBuildFile; fileRef = 5840DCC91DBB539200C51466 /* ViewControllerhome.swift */; };
		5840DCD81DBB543200C51466 /* icon.png in Resources */ = {isa = PBXBuildFile; fileRef = 5840DCD71DBB543200C51466 /* icon.png */; };
		585708311E14A051002C8C7B /* courage.mp3 in Resources */ = {isa = PBXBuildFile; fileRef = 585708301E14A051002C8C7B /* courage.mp3 */; };
		585708331E14A065002C8C7B /* INNOCENCE.mp3 in Resources */ = {isa = PBXBuildFile; fileRef = 585708321E14A065002C8C7B /* INNOCENCE.mp3 */; };
		58899E1D1DCDF0A6003596A9 /* score4ViewController.swift in Sources */ = {isa = PBXBuildFile; fileRef = 58899E1C1DCDF0A6003596A9 /* score4ViewController.swift */; };
		58980C391DE02BC500AECCE9 /* くろ.png in Resources */ = {isa = PBXBuildFile; fileRef = 58980C381DE02BC500AECCE9 /* くろ.png */; };
		58980C3B1DE0488D00AECCE9 /* gakkougurasi.mp3 in Resources */ = {isa = PBXBuildFile; fileRef = 58980C3A1DE0488D00AECCE9 /* gakkougurasi.mp3 */; };
		58DDC2491EC71C9600474D4C /* PlayViewController.swift in Sources */ = {isa = PBXBuildFile; fileRef = 58DDC2481EC71C9600474D4C /* PlayViewController.swift */; };
		58DDC24B1EC71C9A00474D4C /* SoundBoardScene.swift in Sources */ = {isa = PBXBuildFile; fileRef = 58DDC24A1EC71C9A00474D4C /* SoundBoardScene.swift */; };
		6E55B39DA469FDD23B3ACC0A /* Pods_MusicgameUITests.framework in Frameworks */ = {isa = PBXBuildFile; fileRef = 696F6A0BC79E778597F689F0 /* Pods_MusicgameUITests.framework */; };
		79A4E827CB6683B7E7E3CCA3 /* Pods_Musicgame.framework in Frameworks */ = {isa = PBXBuildFile; fileRef = A4ACF9CAD6C03069322593BD /* Pods_Musicgame.framework */; };
		A4B60E33FDA151D066D8F422 /* Pods_MusicgameTests.framework in Frameworks */ = {isa = PBXBuildFile; fileRef = 128A7EC82A3DAF46A8AA2FF6 /* Pods_MusicgameTests.framework */; };
/* End PBXBuildFile section */

/* Begin PBXContainerItemProxy section */
		5840DCA51DBB532B00C51466 /* PBXContainerItemProxy */ = {
			isa = PBXContainerItemProxy;
			containerPortal = 5840DC881DBB532A00C51466 /* Project object */;
			proxyType = 1;
			remoteGlobalIDString = 5840DC8F1DBB532A00C51466;
			remoteInfo = Musicgame;
		};
		5840DCB01DBB532B00C51466 /* PBXContainerItemProxy */ = {
			isa = PBXContainerItemProxy;
			containerPortal = 5840DC881DBB532A00C51466 /* Project object */;
			proxyType = 1;
			remoteGlobalIDString = 5840DC8F1DBB532A00C51466;
			remoteInfo = Musicgame;
		};
/* End PBXContainerItemProxy section */

/* Begin PBXFileReference section */
		128A7EC82A3DAF46A8AA2FF6 /* Pods_MusicgameTests.framework */ = {isa = PBXFileReference; explicitFileType = wrapper.framework; includeInIndex = 0; path = Pods_MusicgameTests.framework; sourceTree = BUILT_PRODUCTS_DIR; };
		58089E9B1DC9A7AF00757C19 /* ViewController4.swift */ = {isa = PBXFileReference; fileEncoding = 4; lastKnownFileType = sourcecode.swift; path = ViewController4.swift; sourceTree = "<group>"; };
		581C5F171EEBE6600005535B /* SpritePlayScene.swift */ = {isa = PBXFileReference; fileEncoding = 4; lastKnownFileType = sourcecode.swift; path = SpritePlayScene.swift; sourceTree = "<group>"; };
		5832211A1E3DF24100D70634 /* syugabita.mp3 */ = {isa = PBXFileReference; lastKnownFileType = audio.mp3; path = syugabita.mp3; sourceTree = "<group>"; };
		5832211C1E6179B600D70634 /* syokigazou.png */ = {isa = PBXFileReference; lastKnownFileType = image.png; path = syokigazou.png; sourceTree = "<group>"; };
		5840DC901DBB532A00C51466 /* Musicgame.app */ = {isa = PBXFileReference; explicitFileType = wrapper.application; includeInIndex = 0; path = Musicgame.app; sourceTree = BUILT_PRODUCTS_DIR; };
		5840DC931DBB532A00C51466 /* AppDelegate.swift */ = {isa = PBXFileReference; lastKnownFileType = sourcecode.swift; path = AppDelegate.swift; sourceTree = "<group>"; };
		5840DC951DBB532A00C51466 /* ViewController.swift */ = {isa = PBXFileReference; lastKnownFileType = sourcecode.swift; path = ViewController.swift; sourceTree = "<group>"; };
		5840DC981DBB532A00C51466 /* Base */ = {isa = PBXFileReference; lastKnownFileType = file.storyboard; name = Base; path = Base.lproj/Main.storyboard; sourceTree = "<group>"; };
		5840DC9A1DBB532A00C51466 /* Assets.xcassets */ = {isa = PBXFileReference; lastKnownFileType = folder.assetcatalog; path = Assets.xcassets; sourceTree = "<group>"; };
		5840DC9D1DBB532A00C51466 /* Base */ = {isa = PBXFileReference; lastKnownFileType = file.storyboard; name = Base; path = Base.lproj/LaunchScreen.storyboard; sourceTree = "<group>"; };
		5840DC9F1DBB532A00C51466 /* Info.plist */ = {isa = PBXFileReference; lastKnownFileType = text.plist.xml; path = Info.plist; sourceTree = "<group>"; };
		5840DCA41DBB532A00C51466 /* MusicgameTests.xctest */ = {isa = PBXFileReference; explicitFileType = wrapper.cfbundle; includeInIndex = 0; path = MusicgameTests.xctest; sourceTree = BUILT_PRODUCTS_DIR; };
		5840DCA81DBB532B00C51466 /* MusicgameTests.swift */ = {isa = PBXFileReference; lastKnownFileType = sourcecode.swift; path = MusicgameTests.swift; sourceTree = "<group>"; };
		5840DCAA1DBB532B00C51466 /* Info.plist */ = {isa = PBXFileReference; lastKnownFileType = text.plist.xml; path = Info.plist; sourceTree = "<group>"; };
		5840DCAF1DBB532B00C51466 /* MusicgameUITests.xctest */ = {isa = PBXFileReference; explicitFileType = wrapper.cfbundle; includeInIndex = 0; path = MusicgameUITests.xctest; sourceTree = BUILT_PRODUCTS_DIR; };
		5840DCB31DBB532B00C51466 /* MusicgameUITests.swift */ = {isa = PBXFileReference; lastKnownFileType = sourcecode.swift; path = MusicgameUITests.swift; sourceTree = "<group>"; };
		5840DCB51DBB532B00C51466 /* Info.plist */ = {isa = PBXFileReference; lastKnownFileType = text.plist.xml; path = Info.plist; sourceTree = "<group>"; };
		5840DCC11DBB537600C51466 /* score2ViewController.swift */ = {isa = PBXFileReference; fileEncoding = 4; lastKnownFileType = sourcecode.swift; path = score2ViewController.swift; sourceTree = "<group>"; };
		5840DCC21DBB537600C51466 /* score3ViewController.swift */ = {isa = PBXFileReference; fileEncoding = 4; lastKnownFileType = sourcecode.swift; path = score3ViewController.swift; sourceTree = "<group>"; };
		5840DCC31DBB537600C51466 /* ScoreViewController.swift */ = {isa = PBXFileReference; fileEncoding = 4; lastKnownFileType = sourcecode.swift; path = ScoreViewController.swift; sourceTree = "<group>"; };
		5840DCC71DBB539200C51466 /* ViewController2.swift */ = {isa = PBXFileReference; fileEncoding = 4; lastKnownFileType = sourcecode.swift; path = ViewController2.swift; sourceTree = "<group>"; };
		5840DCC81DBB539200C51466 /* ViewController3.swift */ = {isa = PBXFileReference; fileEncoding = 4; lastKnownFileType = sourcecode.swift; path = ViewController3.swift; sourceTree = "<group>"; };
		5840DCC91DBB539200C51466 /* ViewControllerhome.swift */ = {isa = PBXFileReference; fileEncoding = 4; lastKnownFileType = sourcecode.swift; path = ViewControllerhome.swift; sourceTree = "<group>"; };
		5840DCD71DBB543200C51466 /* icon.png */ = {isa = PBXFileReference; lastKnownFileType = image.png; path = icon.png; sourceTree = "<group>"; };
		585708301E14A051002C8C7B /* courage.mp3 */ = {isa = PBXFileReference; lastKnownFileType = audio.mp3; path = courage.mp3; sourceTree = "<group>"; };
		585708321E14A065002C8C7B /* INNOCENCE.mp3 */ = {isa = PBXFileReference; lastKnownFileType = audio.mp3; path = INNOCENCE.mp3; sourceTree = "<group>"; };
		58899E1C1DCDF0A6003596A9 /* score4ViewController.swift */ = {isa = PBXFileReference; fileEncoding = 4; lastKnownFileType = sourcecode.swift; path = score4ViewController.swift; sourceTree = "<group>"; };
		58980C381DE02BC500AECCE9 /* くろ.png */ = {isa = PBXFileReference; lastKnownFileType = image.png; path = "くろ.png"; sourceTree = "<group>"; };
		58980C3A1DE0488D00AECCE9 /* gakkougurasi.mp3 */ = {isa = PBXFileReference; lastKnownFileType = audio.mp3; path = gakkougurasi.mp3; sourceTree = "<group>"; };
		58DDC2481EC71C9600474D4C /* PlayViewController.swift */ = {isa = PBXFileReference; fileEncoding = 4; lastKnownFileType = sourcecode.swift; path = PlayViewController.swift; sourceTree = "<group>"; };
		58DDC24A1EC71C9A00474D4C /* SoundBoardScene.swift */ = {isa = PBXFileReference; fileEncoding = 4; lastKnownFileType = sourcecode.swift; path = SoundBoardScene.swift; sourceTree = "<group>"; };
		64F3453181A0237FA13FB066 /* Pods-MusicgameUITests.release.xcconfig */ = {isa = PBXFileReference; includeInIndex = 1; lastKnownFileType = text.xcconfig; name = "Pods-MusicgameUITests.release.xcconfig"; path = "Pods/Target Support Files/Pods-MusicgameUITests/Pods-MusicgameUITests.release.xcconfig"; sourceTree = "<group>"; };
		696F6A0BC79E778597F689F0 /* Pods_MusicgameUITests.framework */ = {isa = PBXFileReference; explicitFileType = wrapper.framework; includeInIndex = 0; path = Pods_MusicgameUITests.framework; sourceTree = BUILT_PRODUCTS_DIR; };
		A4ACF9CAD6C03069322593BD /* Pods_Musicgame.framework */ = {isa = PBXFileReference; explicitFileType = wrapper.framework; includeInIndex = 0; path = Pods_Musicgame.framework; sourceTree = BUILT_PRODUCTS_DIR; };
		A66BCAE0494D4DDC073998B2 /* Pods-MusicgameTests.debug.xcconfig */ = {isa = PBXFileReference; includeInIndex = 1; lastKnownFileType = text.xcconfig; name = "Pods-MusicgameTests.debug.xcconfig"; path = "Pods/Target Support Files/Pods-MusicgameTests/Pods-MusicgameTests.debug.xcconfig"; sourceTree = "<group>"; };
		A782AE355335DDC18BA1BB94 /* Pods-MusicgameUITests.debug.xcconfig */ = {isa = PBXFileReference; includeInIndex = 1; lastKnownFileType = text.xcconfig; name = "Pods-MusicgameUITests.debug.xcconfig"; path = "Pods/Target Support Files/Pods-MusicgameUITests/Pods-MusicgameUITests.debug.xcconfig"; sourceTree = "<group>"; };
		E38E3738546825C67A5EE864 /* Pods-Musicgame.release.xcconfig */ = {isa = PBXFileReference; includeInIndex = 1; lastKnownFileType = text.xcconfig; name = "Pods-Musicgame.release.xcconfig"; path = "Pods/Target Support Files/Pods-Musicgame/Pods-Musicgame.release.xcconfig"; sourceTree = "<group>"; };
		ED47913C7E6D92D0645871F2 /* Pods-Musicgame.debug.xcconfig */ = {isa = PBXFileReference; includeInIndex = 1; lastKnownFileType = text.xcconfig; name = "Pods-Musicgame.debug.xcconfig"; path = "Pods/Target Support Files/Pods-Musicgame/Pods-Musicgame.debug.xcconfig"; sourceTree = "<group>"; };
		FD9488EED71DE49333CE0DBF /* Pods-MusicgameTests.release.xcconfig */ = {isa = PBXFileReference; includeInIndex = 1; lastKnownFileType = text.xcconfig; name = "Pods-MusicgameTests.release.xcconfig"; path = "Pods/Target Support Files/Pods-MusicgameTests/Pods-MusicgameTests.release.xcconfig"; sourceTree = "<group>"; };
/* End PBXFileReference section */

/* Begin PBXFrameworksBuildPhase section */
		5840DC8D1DBB532A00C51466 /* Frameworks */ = {
			isa = PBXFrameworksBuildPhase;
			buildActionMask = 2147483647;
			files = (
				79A4E827CB6683B7E7E3CCA3 /* Pods_Musicgame.framework in Frameworks */,
			);
			runOnlyForDeploymentPostprocessing = 0;
		};
		5840DCA11DBB532A00C51466 /* Frameworks */ = {
			isa = PBXFrameworksBuildPhase;
			buildActionMask = 2147483647;
			files = (
				A4B60E33FDA151D066D8F422 /* Pods_MusicgameTests.framework in Frameworks */,
			);
			runOnlyForDeploymentPostprocessing = 0;
		};
		5840DCAC1DBB532B00C51466 /* Frameworks */ = {
			isa = PBXFrameworksBuildPhase;
			buildActionMask = 2147483647;
			files = (
				6E55B39DA469FDD23B3ACC0A /* Pods_MusicgameUITests.framework in Frameworks */,
			);
			runOnlyForDeploymentPostprocessing = 0;
		};
/* End PBXFrameworksBuildPhase section */

/* Begin PBXGroup section */
		32022272B678C9923C5E25A7 /* Frameworks */ = {
			isa = PBXGroup;
			children = (
				A4ACF9CAD6C03069322593BD /* Pods_Musicgame.framework */,
				128A7EC82A3DAF46A8AA2FF6 /* Pods_MusicgameTests.framework */,
				696F6A0BC79E778597F689F0 /* Pods_MusicgameUITests.framework */,
			);
			name = Frameworks;
			sourceTree = "<group>";
		};
		5840DC871DBB532A00C51466 = {
			isa = PBXGroup;
			children = (
				5840DC921DBB532A00C51466 /* Musicgame */,
				5840DCA71DBB532B00C51466 /* MusicgameTests */,
				5840DCB21DBB532B00C51466 /* MusicgameUITests */,
				5840DC911DBB532A00C51466 /* Products */,
				F8D6DE01DBD006576B1904E0 /* Pods */,
				32022272B678C9923C5E25A7 /* Frameworks */,
			);
			sourceTree = "<group>";
		};
		5840DC911DBB532A00C51466 /* Products */ = {
			isa = PBXGroup;
			children = (
				5840DC901DBB532A00C51466 /* Musicgame.app */,
				5840DCA41DBB532A00C51466 /* MusicgameTests.xctest */,
				5840DCAF1DBB532B00C51466 /* MusicgameUITests.xctest */,
			);
			name = Products;
			sourceTree = "<group>";
		};
		5840DC921DBB532A00C51466 /* Musicgame */ = {
			isa = PBXGroup;
			children = (
				58DDC24A1EC71C9A00474D4C /* SoundBoardScene.swift */,
				58DDC2481EC71C9600474D4C /* PlayViewController.swift */,
				5840DCD71DBB543200C51466 /* icon.png */,
				5840DC931DBB532A00C51466 /* AppDelegate.swift */,
				5832211A1E3DF24100D70634 /* syugabita.mp3 */,
				58980C3A1DE0488D00AECCE9 /* gakkougurasi.mp3 */,
				585708301E14A051002C8C7B /* courage.mp3 */,
				585708321E14A065002C8C7B /* INNOCENCE.mp3 */,
				5840DC971DBB532A00C51466 /* Main.storyboard */,
				5840DC951DBB532A00C51466 /* ViewController.swift */,
				5840DCC31DBB537600C51466 /* ScoreViewController.swift */,
				5840DCC11DBB537600C51466 /* score2ViewController.swift */,
				5840DCC71DBB539200C51466 /* ViewController2.swift */,
				5840DCC81DBB539200C51466 /* ViewController3.swift */,
				5840DCC21DBB537600C51466 /* score3ViewController.swift */,
				58089E9B1DC9A7AF00757C19 /* ViewController4.swift */,
				581C5F171EEBE6600005535B /* SpritePlayScene.swift */,
				58899E1C1DCDF0A6003596A9 /* score4ViewController.swift */,
				5840DCC91DBB539200C51466 /* ViewControllerhome.swift */,
				5840DC9A1DBB532A00C51466 /* Assets.xcassets */,
				5840DC9C1DBB532A00C51466 /* LaunchScreen.storyboard */,
				5840DC9F1DBB532A00C51466 /* Info.plist */,
				58980C381DE02BC500AECCE9 /* くろ.png */,
				5832211C1E6179B600D70634 /* syokigazou.png */,
			);
			path = Musicgame;
			sourceTree = "<group>";
		};
		5840DCA71DBB532B00C51466 /* MusicgameTests */ = {
			isa = PBXGroup;
			children = (
				5840DCA81DBB532B00C51466 /* MusicgameTests.swift */,
				5840DCAA1DBB532B00C51466 /* Info.plist */,
			);
			path = MusicgameTests;
			sourceTree = "<group>";
		};
		5840DCB21DBB532B00C51466 /* MusicgameUITests */ = {
			isa = PBXGroup;
			children = (
				5840DCB31DBB532B00C51466 /* MusicgameUITests.swift */,
				5840DCB51DBB532B00C51466 /* Info.plist */,
			);
			path = MusicgameUITests;
			sourceTree = "<group>";
		};
		F8D6DE01DBD006576B1904E0 /* Pods */ = {
			isa = PBXGroup;
			children = (
				ED47913C7E6D92D0645871F2 /* Pods-Musicgame.debug.xcconfig */,
				E38E3738546825C67A5EE864 /* Pods-Musicgame.release.xcconfig */,
				A66BCAE0494D4DDC073998B2 /* Pods-MusicgameTests.debug.xcconfig */,
				FD9488EED71DE49333CE0DBF /* Pods-MusicgameTests.release.xcconfig */,
				A782AE355335DDC18BA1BB94 /* Pods-MusicgameUITests.debug.xcconfig */,
				64F3453181A0237FA13FB066 /* Pods-MusicgameUITests.release.xcconfig */,
			);
			name = Pods;
			sourceTree = "<group>";
		};
/* End PBXGroup section */

/* Begin PBXNativeTarget section */
		5840DC8F1DBB532A00C51466 /* Musicgame */ = {
			isa = PBXNativeTarget;
			buildConfigurationList = 5840DCB81DBB532B00C51466 /* Build configuration list for PBXNativeTarget "Musicgame" */;
			buildPhases = (
				76A7E209097515EEA13A6A5C /* [CP] Check Pods Manifest.lock */,
				5840DC8C1DBB532A00C51466 /* Sources */,
				5840DC8D1DBB532A00C51466 /* Frameworks */,
				5840DC8E1DBB532A00C51466 /* Resources */,
				6C881DA2C7AA84615B865CB7 /* [CP] Embed Pods Frameworks */,
				78D09D77259DCF025A4259A5 /* [CP] Copy Pods Resources */,
			);
			buildRules = (
			);
			dependencies = (
			);
			name = Musicgame;
			productName = Musicgame;
			productReference = 5840DC901DBB532A00C51466 /* Musicgame.app */;
			productType = "com.apple.product-type.application";
		};
		5840DCA31DBB532A00C51466 /* MusicgameTests */ = {
			isa = PBXNativeTarget;
			buildConfigurationList = 5840DCBB1DBB532B00C51466 /* Build configuration list for PBXNativeTarget "MusicgameTests" */;
			buildPhases = (
				DCC393D0374086B17148048C /* [CP] Check Pods Manifest.lock */,
				5840DCA01DBB532A00C51466 /* Sources */,
				5840DCA11DBB532A00C51466 /* Frameworks */,
				5840DCA21DBB532A00C51466 /* Resources */,
				FCFA8D92E6ED63326EE00361 /* [CP] Embed Pods Frameworks */,
				CD07B98A167B93FFB87F0236 /* [CP] Copy Pods Resources */,
			);
			buildRules = (
			);
			dependencies = (
				5840DCA61DBB532B00C51466 /* PBXTargetDependency */,
			);
			name = MusicgameTests;
			productName = MusicgameTests;
			productReference = 5840DCA41DBB532A00C51466 /* MusicgameTests.xctest */;
			productType = "com.apple.product-type.bundle.unit-test";
		};
		5840DCAE1DBB532B00C51466 /* MusicgameUITests */ = {
			isa = PBXNativeTarget;
			buildConfigurationList = 5840DCBE1DBB532B00C51466 /* Build configuration list for PBXNativeTarget "MusicgameUITests" */;
			buildPhases = (
				3C8A482B38AAF8CEF4B1A708 /* [CP] Check Pods Manifest.lock */,
				5840DCAB1DBB532B00C51466 /* Sources */,
				5840DCAC1DBB532B00C51466 /* Frameworks */,
				5840DCAD1DBB532B00C51466 /* Resources */,
				8BEAFFFF03B20809247AA1CB /* [CP] Embed Pods Frameworks */,
				0BB9AEA2660007E1CCA35D12 /* [CP] Copy Pods Resources */,
			);
			buildRules = (
			);
			dependencies = (
				5840DCB11DBB532B00C51466 /* PBXTargetDependency */,
			);
			name = MusicgameUITests;
			productName = MusicgameUITests;
			productReference = 5840DCAF1DBB532B00C51466 /* MusicgameUITests.xctest */;
			productType = "com.apple.product-type.bundle.ui-testing";
		};
/* End PBXNativeTarget section */

/* Begin PBXProject section */
		5840DC881DBB532A00C51466 /* Project object */ = {
			isa = PBXProject;
			attributes = {
				LastSwiftUpdateCheck = 0730;
				LastUpgradeCheck = 0730;
				ORGANIZATIONNAME = EriyaMurakami;
				TargetAttributes = {
					5840DC8F1DBB532A00C51466 = {
						CreatedOnToolsVersion = 7.3;
						DevelopmentTeam = 47PEFMCKTT;
					};
					5840DCA31DBB532A00C51466 = {
						CreatedOnToolsVersion = 7.3;
						TestTargetID = 5840DC8F1DBB532A00C51466;
					};
					5840DCAE1DBB532B00C51466 = {
						CreatedOnToolsVersion = 7.3;
						TestTargetID = 5840DC8F1DBB532A00C51466;
					};
				};
			};
			buildConfigurationList = 5840DC8B1DBB532A00C51466 /* Build configuration list for PBXProject "Musicgame" */;
			compatibilityVersion = "Xcode 3.2";
			developmentRegion = English;
			hasScannedForEncodings = 0;
			knownRegions = (
				en,
				Base,
			);
			mainGroup = 5840DC871DBB532A00C51466;
			productRefGroup = 5840DC911DBB532A00C51466 /* Products */;
			projectDirPath = "";
			projectRoot = "";
			targets = (
				5840DC8F1DBB532A00C51466 /* Musicgame */,
				5840DCA31DBB532A00C51466 /* MusicgameTests */,
				5840DCAE1DBB532B00C51466 /* MusicgameUITests */,
			);
		};
/* End PBXProject section */

/* Begin PBXResourcesBuildPhase section */
		5840DC8E1DBB532A00C51466 /* Resources */ = {
			isa = PBXResourcesBuildPhase;
			buildActionMask = 2147483647;
			files = (
				585708311E14A051002C8C7B /* courage.mp3 in Resources */,
				58980C391DE02BC500AECCE9 /* くろ.png in Resources */,
				5840DCD81DBB543200C51466 /* icon.png in Resources */,
				5840DC9E1DBB532A00C51466 /* LaunchScreen.storyboard in Resources */,
				5832211D1E6179B600D70634 /* syokigazou.png in Resources */,
				5840DC9B1DBB532A00C51466 /* Assets.xcassets in Resources */,
				5840DC991DBB532A00C51466 /* Main.storyboard in Resources */,
				58980C3B1DE0488D00AECCE9 /* gakkougurasi.mp3 in Resources */,
				5832211B1E3DF24100D70634 /* syugabita.mp3 in Resources */,
				585708331E14A065002C8C7B /* INNOCENCE.mp3 in Resources */,
			);
			runOnlyForDeploymentPostprocessing = 0;
		};
		5840DCA21DBB532A00C51466 /* Resources */ = {
			isa = PBXResourcesBuildPhase;
			buildActionMask = 2147483647;
			files = (
			);
			runOnlyForDeploymentPostprocessing = 0;
		};
		5840DCAD1DBB532B00C51466 /* Resources */ = {
			isa = PBXResourcesBuildPhase;
			buildActionMask = 2147483647;
			files = (
			);
			runOnlyForDeploymentPostprocessing = 0;
		};
/* End PBXResourcesBuildPhase section */

/* Begin PBXShellScriptBuildPhase section */
		0BB9AEA2660007E1CCA35D12 /* [CP] Copy Pods Resources */ = {
			isa = PBXShellScriptBuildPhase;
			buildActionMask = 2147483647;
			files = (
			);
			inputPaths = (
			);
			name = "[CP] Copy Pods Resources";
			outputPaths = (
			);
			runOnlyForDeploymentPostprocessing = 0;
			shellPath = /bin/sh;
			shellScript = "\"${SRCROOT}/Pods/Target Support Files/Pods-MusicgameUITests/Pods-MusicgameUITests-resources.sh\"\n";
			showEnvVarsInLog = 0;
		};
		3C8A482B38AAF8CEF4B1A708 /* [CP] Check Pods Manifest.lock */ = {
			isa = PBXShellScriptBuildPhase;
			buildActionMask = 2147483647;
			files = (
			);
			inputPaths = (
			);
			name = "[CP] Check Pods Manifest.lock";
			outputPaths = (
			);
			runOnlyForDeploymentPostprocessing = 0;
			shellPath = /bin/sh;
			shellScript = "diff \"${PODS_ROOT}/../Podfile.lock\" \"${PODS_ROOT}/Manifest.lock\" > /dev/null\nif [ $? != 0 ] ; then\n    # print error to STDERR\n    echo \"error: The sandbox is not in sync with the Podfile.lock. Run 'pod install' or update your CocoaPods installation.\" >&2\n    exit 1\nfi\n";
			showEnvVarsInLog = 0;
		};
		6C881DA2C7AA84615B865CB7 /* [CP] Embed Pods Frameworks */ = {
			isa = PBXShellScriptBuildPhase;
			buildActionMask = 2147483647;
			files = (
			);
			inputPaths = (
			);
			name = "[CP] Embed Pods Frameworks";
			outputPaths = (
			);
			runOnlyForDeploymentPostprocessing = 0;
			shellPath = /bin/sh;
			shellScript = "\"${SRCROOT}/Pods/Target Support Files/Pods-Musicgame/Pods-Musicgame-frameworks.sh\"\n";
			showEnvVarsInLog = 0;
		};
		76A7E209097515EEA13A6A5C /* [CP] Check Pods Manifest.lock */ = {
			isa = PBXShellScriptBuildPhase;
			buildActionMask = 2147483647;
			files = (
			);
			inputPaths = (
			);
			name = "[CP] Check Pods Manifest.lock";
			outputPaths = (
			);
			runOnlyForDeploymentPostprocessing = 0;
			shellPath = /bin/sh;
			shellScript = "diff \"${PODS_ROOT}/../Podfile.lock\" \"${PODS_ROOT}/Manifest.lock\" > /dev/null\nif [ $? != 0 ] ; then\n    # print error to STDERR\n    echo \"error: The sandbox is not in sync with the Podfile.lock. Run 'pod install' or update your CocoaPods installation.\" >&2\n    exit 1\nfi\n";
			showEnvVarsInLog = 0;
		};
		78D09D77259DCF025A4259A5 /* [CP] Copy Pods Resources */ = {
			isa = PBXShellScriptBuildPhase;
			buildActionMask = 2147483647;
			files = (
			);
			inputPaths = (
			);
			name = "[CP] Copy Pods Resources";
			outputPaths = (
			);
			runOnlyForDeploymentPostprocessing = 0;
			shellPath = /bin/sh;
			shellScript = "\"${SRCROOT}/Pods/Target Support Files/Pods-Musicgame/Pods-Musicgame-resources.sh\"\n";
			showEnvVarsInLog = 0;
		};
		8BEAFFFF03B20809247AA1CB /* [CP] Embed Pods Frameworks */ = {
			isa = PBXShellScriptBuildPhase;
			buildActionMask = 2147483647;
			files = (
			);
			inputPaths = (
			);
			name = "[CP] Embed Pods Frameworks";
			outputPaths = (
			);
			runOnlyForDeploymentPostprocessing = 0;
			shellPath = /bin/sh;
			shellScript = "\"${SRCROOT}/Pods/Target Support Files/Pods-MusicgameUITests/Pods-MusicgameUITests-frameworks.sh\"\n";
			showEnvVarsInLog = 0;
		};
		CD07B98A167B93FFB87F0236 /* [CP] Copy Pods Resources */ = {
			isa = PBXShellScriptBuildPhase;
			buildActionMask = 2147483647;
			files = (
			);
			inputPaths = (
			);
			name = "[CP] Copy Pods Resources";
			outputPaths = (
			);
			runOnlyForDeploymentPostprocessing = 0;
			shellPath = /bin/sh;
			shellScript = "\"${SRCROOT}/Pods/Target Support Files/Pods-MusicgameTests/Pods-MusicgameTests-resources.sh\"\n";
			showEnvVarsInLog = 0;
		};
		DCC393D0374086B17148048C /* [CP] Check Pods Manifest.lock */ = {
			isa = PBXShellScriptBuildPhase;
			buildActionMask = 2147483647;
			files = (
			);
			inputPaths = (
			);
			name = "[CP] Check Pods Manifest.lock";
			outputPaths = (
			);
			runOnlyForDeploymentPostprocessing = 0;
			shellPath = /bin/sh;
			shellScript = "diff \"${PODS_ROOT}/../Podfile.lock\" \"${PODS_ROOT}/Manifest.lock\" > /dev/null\nif [ $? != 0 ] ; then\n    # print error to STDERR\n    echo \"error: The sandbox is not in sync with the Podfile.lock. Run 'pod install' or update your CocoaPods installation.\" >&2\n    exit 1\nfi\n";
			showEnvVarsInLog = 0;
		};
		FCFA8D92E6ED63326EE00361 /* [CP] Embed Pods Frameworks */ = {
			isa = PBXShellScriptBuildPhase;
			buildActionMask = 2147483647;
			files = (
			);
			inputPaths = (
			);
			name = "[CP] Embed Pods Frameworks";
			outputPaths = (
			);
			runOnlyForDeploymentPostprocessing = 0;
			shellPath = /bin/sh;
			shellScript = "\"${SRCROOT}/Pods/Target Support Files/Pods-MusicgameTests/Pods-MusicgameTests-frameworks.sh\"\n";
			showEnvVarsInLog = 0;
		};
/* End PBXShellScriptBuildPhase section */

/* Begin PBXSourcesBuildPhase section */
		5840DC8C1DBB532A00C51466 /* Sources */ = {
			isa = PBXSourcesBuildPhase;
			buildActionMask = 2147483647;
			files = (
				5840DC961DBB532A00C51466 /* ViewController.swift in Sources */,
				5840DCC41DBB537600C51466 /* score2ViewController.swift in Sources */,
				5840DCC61DBB537600C51466 /* ScoreViewController.swift in Sources */,
				5840DCCC1DBB539200C51466 /* ViewControllerhome.swift in Sources */,
				58DDC2491EC71C9600474D4C /* PlayViewController.swift in Sources */,
				581C5F181EEBE6600005535B /* SpritePlayScene.swift in Sources */,
				58899E1D1DCDF0A6003596A9 /* score4ViewController.swift in Sources */,
				5840DC941DBB532A00C51466 /* AppDelegate.swift in Sources */,
				5840DCC51DBB537600C51466 /* score3ViewController.swift in Sources */,
				5840DCCB1DBB539200C51466 /* ViewController3.swift in Sources */,
				58089E9C1DC9A7AF00757C19 /* ViewController4.swift in Sources */,
				5840DCCA1DBB539200C51466 /* ViewController2.swift in Sources */,
				58DDC24B1EC71C9A00474D4C /* SoundBoardScene.swift in Sources */,
			);
			runOnlyForDeploymentPostprocessing = 0;
		};
		5840DCA01DBB532A00C51466 /* Sources */ = {
			isa = PBXSourcesBuildPhase;
			buildActionMask = 2147483647;
			files = (
				5840DCA91DBB532B00C51466 /* MusicgameTests.swift in Sources */,
			);
			runOnlyForDeploymentPostprocessing = 0;
		};
		5840DCAB1DBB532B00C51466 /* Sources */ = {
			isa = PBXSourcesBuildPhase;
			buildActionMask = 2147483647;
			files = (
				5840DCB41DBB532B00C51466 /* MusicgameUITests.swift in Sources */,
			);
			runOnlyForDeploymentPostprocessing = 0;
		};
/* End PBXSourcesBuildPhase section */

/* Begin PBXTargetDependency section */
		5840DCA61DBB532B00C51466 /* PBXTargetDependency */ = {
			isa = PBXTargetDependency;
			target = 5840DC8F1DBB532A00C51466 /* Musicgame */;
			targetProxy = 5840DCA51DBB532B00C51466 /* PBXContainerItemProxy */;
		};
		5840DCB11DBB532B00C51466 /* PBXTargetDependency */ = {
			isa = PBXTargetDependency;
			target = 5840DC8F1DBB532A00C51466 /* Musicgame */;
			targetProxy = 5840DCB01DBB532B00C51466 /* PBXContainerItemProxy */;
		};
/* End PBXTargetDependency section */

/* Begin PBXVariantGroup section */
		5840DC971DBB532A00C51466 /* Main.storyboard */ = {
			isa = PBXVariantGroup;
			children = (
				5840DC981DBB532A00C51466 /* Base */,
			);
			name = Main.storyboard;
			sourceTree = "<group>";
		};
		5840DC9C1DBB532A00C51466 /* LaunchScreen.storyboard */ = {
			isa = PBXVariantGroup;
			children = (
				5840DC9D1DBB532A00C51466 /* Base */,
			);
			name = LaunchScreen.storyboard;
			sourceTree = "<group>";
		};
/* End PBXVariantGroup section */

/* Begin XCBuildConfiguration section */
		5840DCB61DBB532B00C51466 /* Debug */ = {
			isa = XCBuildConfiguration;
			buildSettings = {
				ALWAYS_SEARCH_USER_PATHS = NO;
				CLANG_ANALYZER_NONNULL = YES;
				CLANG_CXX_LANGUAGE_STANDARD = "gnu++0x";
				CLANG_CXX_LIBRARY = "libc++";
				CLANG_ENABLE_MODULES = YES;
				CLANG_ENABLE_OBJC_ARC = YES;
				CLANG_WARN_BOOL_CONVERSION = YES;
				CLANG_WARN_CONSTANT_CONVERSION = YES;
				CLANG_WARN_DIRECT_OBJC_ISA_USAGE = YES_ERROR;
				CLANG_WARN_EMPTY_BODY = YES;
				CLANG_WARN_ENUM_CONVERSION = YES;
				CLANG_WARN_INT_CONVERSION = YES;
				CLANG_WARN_OBJC_ROOT_CLASS = YES_ERROR;
				CLANG_WARN_UNREACHABLE_CODE = YES;
				CLANG_WARN__DUPLICATE_METHOD_MATCH = YES;
				"CODE_SIGN_IDENTITY[sdk=iphoneos*]" = "iPhone Developer";
				COPY_PHASE_STRIP = NO;
				DEBUG_INFORMATION_FORMAT = dwarf;
				ENABLE_STRICT_OBJC_MSGSEND = YES;
				ENABLE_TESTABILITY = YES;
				GCC_C_LANGUAGE_STANDARD = gnu99;
				GCC_DYNAMIC_NO_PIC = NO;
				GCC_NO_COMMON_BLOCKS = YES;
				GCC_OPTIMIZATION_LEVEL = 0;
				GCC_PREPROCESSOR_DEFINITIONS = (
					"DEBUG=1",
					"$(inherited)",
				);
				GCC_WARN_64_TO_32_BIT_CONVERSION = YES;
				GCC_WARN_ABOUT_RETURN_TYPE = YES_ERROR;
				GCC_WARN_UNDECLARED_SELECTOR = YES;
				GCC_WARN_UNINITIALIZED_AUTOS = YES_AGGRESSIVE;
				GCC_WARN_UNUSED_FUNCTION = YES;
				GCC_WARN_UNUSED_VARIABLE = YES;
				IPHONEOS_DEPLOYMENT_TARGET = 9.3;
				MTL_ENABLE_DEBUG_INFO = YES;
				ONLY_ACTIVE_ARCH = YES;
				SDKROOT = iphoneos;
				SWIFT_OPTIMIZATION_LEVEL = "-Onone";
			};
			name = Debug;
		};
		5840DCB71DBB532B00C51466 /* Release */ = {
			isa = XCBuildConfiguration;
			buildSettings = {
				ALWAYS_SEARCH_USER_PATHS = NO;
				CLANG_ANALYZER_NONNULL = YES;
				CLANG_CXX_LANGUAGE_STANDARD = "gnu++0x";
				CLANG_CXX_LIBRARY = "libc++";
				CLANG_ENABLE_MODULES = YES;
				CLANG_ENABLE_OBJC_ARC = YES;
				CLANG_WARN_BOOL_CONVERSION = YES;
				CLANG_WARN_CONSTANT_CONVERSION = YES;
				CLANG_WARN_DIRECT_OBJC_ISA_USAGE = YES_ERROR;
				CLANG_WARN_EMPTY_BODY = YES;
				CLANG_WARN_ENUM_CONVERSION = YES;
				CLANG_WARN_INT_CONVERSION = YES;
				CLANG_WARN_OBJC_ROOT_CLASS = YES_ERROR;
				CLANG_WARN_UNREACHABLE_CODE = YES;
				CLANG_WARN__DUPLICATE_METHOD_MATCH = YES;
				"CODE_SIGN_IDENTITY[sdk=iphoneos*]" = "iPhone Developer";
				COPY_PHASE_STRIP = NO;
				DEBUG_INFORMATION_FORMAT = "dwarf-with-dsym";
				ENABLE_NS_ASSERTIONS = NO;
				ENABLE_STRICT_OBJC_MSGSEND = YES;
				GCC_C_LANGUAGE_STANDARD = gnu99;
				GCC_NO_COMMON_BLOCKS = YES;
				GCC_WARN_64_TO_32_BIT_CONVERSION = YES;
				GCC_WARN_ABOUT_RETURN_TYPE = YES_ERROR;
				GCC_WARN_UNDECLARED_SELECTOR = YES;
				GCC_WARN_UNINITIALIZED_AUTOS = YES_AGGRESSIVE;
				GCC_WARN_UNUSED_FUNCTION = YES;
				GCC_WARN_UNUSED_VARIABLE = YES;
				IPHONEOS_DEPLOYMENT_TARGET = 9.3;
				MTL_ENABLE_DEBUG_INFO = NO;
				SDKROOT = iphoneos;
				VALIDATE_PRODUCT = YES;
			};
			name = Release;
		};
		5840DCB91DBB532B00C51466 /* Debug */ = {
			isa = XCBuildConfiguration;
			baseConfigurationReference = ED47913C7E6D92D0645871F2 /* Pods-Musicgame.debug.xcconfig */;
			buildSettings = {
				ASSETCATALOG_COMPILER_APPICON_NAME = AppIcon;
				CODE_SIGN_IDENTITY = "iPhone Developer";
				INFOPLIST_FILE = Musicgame/Info.plist;
				IPHONEOS_DEPLOYMENT_TARGET = 9.3;
				LD_RUNPATH_SEARCH_PATHS = "$(inherited) @executable_path/Frameworks";
				PRODUCT_BUNDLE_IDENTIFIER = com.litech.Musicgame.harumaki;
				PRODUCT_NAME = "$(TARGET_NAME)";
				SWIFT_VERSION = 2.3;
			};
			name = Debug;
		};
		5840DCBA1DBB532B00C51466 /* Release */ = {
			isa = XCBuildConfiguration;
			baseConfigurationReference = E38E3738546825C67A5EE864 /* Pods-Musicgame.release.xcconfig */;
			buildSettings = {
				ASSETCATALOG_COMPILER_APPICON_NAME = AppIcon;
				CODE_SIGN_IDENTITY = "iPhone Developer";
				INFOPLIST_FILE = Musicgame/Info.plist;
				IPHONEOS_DEPLOYMENT_TARGET = 9.3;
				LD_RUNPATH_SEARCH_PATHS = "$(inherited) @executable_path/Frameworks";
				PRODUCT_BUNDLE_IDENTIFIER = com.litech.Musicgame.harumaki;
				PRODUCT_NAME = "$(TARGET_NAME)";
				SWIFT_VERSION = 2.3;
			};
			name = Release;
		};
		5840DCBC1DBB532B00C51466 /* Debug */ = {
			isa = XCBuildConfiguration;
			baseConfigurationReference = A66BCAE0494D4DDC073998B2 /* Pods-MusicgameTests.debug.xcconfig */;
			buildSettings = {
				BUNDLE_LOADER = "$(TEST_HOST)";
				INFOPLIST_FILE = MusicgameTests/Info.plist;
				LD_RUNPATH_SEARCH_PATHS = "$(inherited) @executable_path/Frameworks @loader_path/Frameworks";
				PRODUCT_BUNDLE_IDENTIFIER = com.litech.MusicgameTests;
				PRODUCT_NAME = "$(TARGET_NAME)";
				TEST_HOST = "$(BUILT_PRODUCTS_DIR)/Musicgame.app/Musicgame";
			};
			name = Debug;
		};
		5840DCBD1DBB532B00C51466 /* Release */ = {
			isa = XCBuildConfiguration;
			baseConfigurationReference = FD9488EED71DE49333CE0DBF /* Pods-MusicgameTests.release.xcconfig */;
			buildSettings = {
				BUNDLE_LOADER = "$(TEST_HOST)";
				INFOPLIST_FILE = MusicgameTests/Info.plist;
				LD_RUNPATH_SEARCH_PATHS = "$(inherited) @executable_path/Frameworks @loader_path/Frameworks";
				PRODUCT_BUNDLE_IDENTIFIER = com.litech.MusicgameTests;
				PRODUCT_NAME = "$(TARGET_NAME)";
				TEST_HOST = "$(BUILT_PRODUCTS_DIR)/Musicgame.app/Musicgame";
			};
			name = Release;
		};
		5840DCBF1DBB532B00C51466 /* Debug */ = {
			isa = XCBuildConfiguration;
			baseConfigurationReference = A782AE355335DDC18BA1BB94 /* Pods-MusicgameUITests.debug.xcconfig */;
			buildSettings = {
				INFOPLIST_FILE = MusicgameUITests/Info.plist;
				LD_RUNPATH_SEARCH_PATHS = "$(inherited) @executable_path/Frameworks @loader_path/Frameworks";
				PRODUCT_BUNDLE_IDENTIFIER = com.litech.MusicgameUITests;
				PRODUCT_NAME = "$(TARGET_NAME)";
				TEST_TARGET_NAME = Musicgame;
			};
			name = Debug;
		};
		5840DCC01DBB532B00C51466 /* Release */ = {
			isa = XCBuildConfiguration;
			baseConfigurationReference = 64F3453181A0237FA13FB066 /* Pods-MusicgameUITests.release.xcconfig */;
			buildSettings = {
				INFOPLIST_FILE = MusicgameUITests/Info.plist;
				LD_RUNPATH_SEARCH_PATHS = "$(inherited) @executable_path/Frameworks @loader_path/Frameworks";
				PRODUCT_BUNDLE_IDENTIFIER = com.litech.MusicgameUITests;
				PRODUCT_NAME = "$(TARGET_NAME)";
				TEST_TARGET_NAME = Musicgame;
			};
			name = Release;
		};
/* End XCBuildConfiguration section */

/* Begin XCConfigurationList section */
		5840DC8B1DBB532A00C51466 /* Build configuration list for PBXProject "Musicgame" */ = {
			isa = XCConfigurationList;
			buildConfigurations = (
				5840DCB61DBB532B00C51466 /* Debug */,
				5840DCB71DBB532B00C51466 /* Release */,
			);
			defaultConfigurationIsVisible = 0;
			defaultConfigurationName = Release;
		};
		5840DCB81DBB532B00C51466 /* Build configuration list for PBXNativeTarget "Musicgame" */ = {
			isa = XCConfigurationList;
			buildConfigurations = (
				5840DCB91DBB532B00C51466 /* Debug */,
				5840DCBA1DBB532B00C51466 /* Release */,
			);
			defaultConfigurationIsVisible = 0;
			defaultConfigurationName = Release;
		};
		5840DCBB1DBB532B00C51466 /* Build configuration list for PBXNativeTarget "MusicgameTests" */ = {
			isa = XCConfigurationList;
			buildConfigurations = (
				5840DCBC1DBB532B00C51466 /* Debug */,
				5840DCBD1DBB532B00C51466 /* Release */,
			);
			defaultConfigurationIsVisible = 0;
			defaultConfigurationName = Release;
		};
		5840DCBE1DBB532B00C51466 /* Build configuration list for PBXNativeTarget "MusicgameUITests" */ = {
			isa = XCConfigurationList;
			buildConfigurations = (
				5840DCBF1DBB532B00C51466 /* Debug */,
				5840DCC01DBB532B00C51466 /* Release */,
			);
			defaultConfigurationIsVisible = 0;
			defaultConfigurationName = Release;
		};
/* End XCConfigurationList section */
	};
	rootObject = 5840DC881DBB532A00C51466 /* Project object */;
}
